
Microsoft Visual Studio Solution File, Format Version 12.00
# Visual Studio Version 17
VisualStudioVersion = 17.5.002.0
MinimumVisualStudioVersion = 10.0.40219.1
Project("{9A19103F-16F7-4668-BE54-9A1E7A4F7556}") = "Task1", "Hometask1\Task1.csproj", "{31BD134E-FE32-40A9-8A83-2252746351BA}"
EndProject
Project("{FAE04EC0-301F-11D3-BF4B-00C04F79EFBC}") = "Hometask2", "Hometask2\Hometask2.csproj", "{E0F6F4AE-580A-43A0-883B-ACE26490E1D7}"
EndProject
Project("{FAE04EC0-301F-11D3-BF4B-00C04F79EFBC}") = "Hometask3", "Hometask3\Hometask3.csproj", "{E9F67E13-3F8C-4C59-B7BB-14855B3FB483}"
EndProject
Global
	GlobalSection(SolutionConfigurationPlatforms) = preSolution
		Debug|Any CPU = Debug|Any CPU
		Release|Any CPU = Release|Any CPU
	EndGlobalSection
	GlobalSection(ProjectConfigurationPlatforms) = postSolution
		{31BD134E-FE32-40A9-8A83-2252746351BA}.Debug|Any CPU.ActiveCfg = Debug|Any CPU
		{31BD134E-FE32-40A9-8A83-2252746351BA}.Debug|Any CPU.Build.0 = Debug|Any CPU
		{31BD134E-FE32-40A9-8A83-2252746351BA}.Release|Any CPU.ActiveCfg = Release|Any CPU
		{31BD134E-FE32-40A9-8A83-2252746351BA}.Release|Any CPU.Build.0 = Release|Any CPU
		{E0F6F4AE-580A-43A0-883B-ACE26490E1D7}.Debug|Any CPU.ActiveCfg = Debug|Any CPU
		{E0F6F4AE-580A-43A0-883B-ACE26490E1D7}.Debug|Any CPU.Build.0 = Debug|Any CPU
		{E0F6F4AE-580A-43A0-883B-ACE26490E1D7}.Release|Any CPU.ActiveCfg = Release|Any CPU
		{E0F6F4AE-580A-43A0-883B-ACE26490E1D7}.Release|Any CPU.Build.0 = Release|Any CPU
		{E9F67E13-3F8C-4C59-B7BB-14855B3FB483}.Debug|Any CPU.ActiveCfg = Debug|Any CPU
		{E9F67E13-3F8C-4C59-B7BB-14855B3FB483}.Debug|Any CPU.Build.0 = Debug|Any CPU
		{E9F67E13-3F8C-4C59-B7BB-14855B3FB483}.Release|Any CPU.ActiveCfg = Release|Any CPU
		{E9F67E13-3F8C-4C59-B7BB-14855B3FB483}.Release|Any CPU.Build.0 = Release|Any CPU
	EndGlobalSection
	GlobalSection(SolutionProperties) = preSolution
		HideSolutionNode = FALSE
	EndGlobalSection
	GlobalSection(ExtensibilityGlobals) = postSolution
		SolutionGuid = {B15E3567-337B-41B7-B145-8447C74B0CB7}
	EndGlobalSection
EndGlobal
